
Microsoft Visual Studio Solution File, Format Version 12.00
# Visual Studio 2013
VisualStudioVersion = 12.0.30501.0
MinimumVisualStudioVersion = 10.0.40219.1
Project("{FAE04EC0-301F-11D3-BF4B-00C04F79EFBC}") = "Ministry.MultiHostRedirector", "Ministry.MultiHostRedirector\Ministry.MultiHostRedirector.csproj", "{21249D10-8679-4CB8-AC76-177980FF1437}"
EndProject
Project("{E24C65DC-7377-472B-9ABA-BC803B73C61A}") = "web-redirector", "web-redirector\", "{F53ECA27-F52F-4260-B4F1-72A9ADAD1D7F}"
	ProjectSection(WebsiteProperties) = preProject
		TargetFrameworkMoniker = ".NETFramework,Version%3Dv4.0"
		ProjectReferences = "{21249D10-8679-4CB8-AC76-177980FF1437}|Ministry.MultiHostRedirector.dll;"
		Debug.AspNetCompiler.VirtualPath = "/web-redirector"
		Debug.AspNetCompiler.PhysicalPath = "web-redirector\"
		Debug.AspNetCompiler.TargetPath = "PrecompiledWeb\web-redirector\"
		Debug.AspNetCompiler.Updateable = "true"
		Debug.AspNetCompiler.ForceOverwrite = "true"
		Debug.AspNetCompiler.FixedNames = "false"
		Debug.AspNetCompiler.Debug = "True"
		Release.AspNetCompiler.VirtualPath = "/web-redirector"
		Release.AspNetCompiler.PhysicalPath = "web-redirector\"
		Release.AspNetCompiler.TargetPath = "PrecompiledWeb\web-redirector\"
		Release.AspNetCompiler.Updateable = "true"
		Release.AspNetCompiler.ForceOverwrite = "true"
		Release.AspNetCompiler.FixedNames = "false"
		Release.AspNetCompiler.Debug = "False"
		VWDPort = "49308"
		SlnRelativePath = "web-redirector\"
	EndProjectSection
EndProject
Project("{FAE04EC0-301F-11D3-BF4B-00C04F79EFBC}") = "Ministry.MultiHostRedirector.Tests", "Ministry.MultiHostRedirector.Tests\Ministry.MultiHostRedirector.Tests.csproj", "{E990B469-8A2C-44F3-BF05-08C30C8B7DF3}"
EndProject
Project("{E24C65DC-7377-472B-9ABA-BC803B73C61A}") = "web-destination", "http://localhost:49309", "{7FC5D6D9-B981-49C7-A4F1-86C2BE0F0CAE}"
	ProjectSection(WebsiteProperties) = preProject
		UseIISExpress = "true"
		TargetFrameworkMoniker = ".NETFramework,Version%3Dv4.0"
		Debug.AspNetCompiler.VirtualPath = "/localhost_49309"
		Debug.AspNetCompiler.PhysicalPath = "web-destination\"
		Debug.AspNetCompiler.TargetPath = "PrecompiledWeb\localhost_49309\"
		Debug.AspNetCompiler.Updateable = "true"
		Debug.AspNetCompiler.ForceOverwrite = "true"
		Debug.AspNetCompiler.FixedNames = "false"
		Debug.AspNetCompiler.Debug = "True"
		Release.AspNetCompiler.VirtualPath = "/localhost_49309"
		Release.AspNetCompiler.PhysicalPath = "web-destination\"
		Release.AspNetCompiler.TargetPath = "PrecompiledWeb\localhost_49309\"
		Release.AspNetCompiler.Updateable = "true"
		Release.AspNetCompiler.ForceOverwrite = "true"
		Release.AspNetCompiler.FixedNames = "false"
		Release.AspNetCompiler.Debug = "False"
		SlnRelativePath = "web-destination\"
	EndProjectSection
EndProject
Project("{2150E333-8FDC-42A3-9474-1A3956D46DE8}") = ".nuget", ".nuget", "{F3A70349-A699-4235-BD36-C84B595834EE}"
	ProjectSection(SolutionItems) = preProject
		.nuget\NuGet.Config = .nuget\NuGet.Config
		.nuget\NuGet.exe = .nuget\NuGet.exe
		.nuget\NuGet.targets = .nuget\NuGet.targets
	EndProjectSection
EndProject
Project("{2150E333-8FDC-42A3-9474-1A3956D46DE8}") = "Solution Items", "Solution Items", "{DE6BD511-FF4E-48C7-99C6-491433249E67}"
	ProjectSection(SolutionItems) = preProject
		deploy\deploy-pms.bat = deploy\deploy-pms.bat
		deploy\Ministry.MultiHostRedirector.nuspec = deploy\Ministry.MultiHostRedirector.nuspec
	EndProjectSection
EndProject
Global
	GlobalSection(SolutionConfigurationPlatforms) = preSolution
		Debug|Any CPU = Debug|Any CPU
		Release|Any CPU = Release|Any CPU
	EndGlobalSection
	GlobalSection(ProjectConfigurationPlatforms) = postSolution
		{21249D10-8679-4CB8-AC76-177980FF1437}.Debug|Any CPU.ActiveCfg = Debug|Any CPU
		{21249D10-8679-4CB8-AC76-177980FF1437}.Debug|Any CPU.Build.0 = Debug|Any CPU
		{21249D10-8679-4CB8-AC76-177980FF1437}.Release|Any CPU.ActiveCfg = Release|Any CPU
		{21249D10-8679-4CB8-AC76-177980FF1437}.Release|Any CPU.Build.0 = Release|Any CPU
		{F53ECA27-F52F-4260-B4F1-72A9ADAD1D7F}.Debug|Any CPU.ActiveCfg = Debug|Any CPU
		{F53ECA27-F52F-4260-B4F1-72A9ADAD1D7F}.Debug|Any CPU.Build.0 = Debug|Any CPU
		{F53ECA27-F52F-4260-B4F1-72A9ADAD1D7F}.Release|Any CPU.ActiveCfg = Debug|Any CPU
		{F53ECA27-F52F-4260-B4F1-72A9ADAD1D7F}.Release|Any CPU.Build.0 = Debug|Any CPU
		{E990B469-8A2C-44F3-BF05-08C30C8B7DF3}.Debug|Any CPU.ActiveCfg = Debug|Any CPU
		{E990B469-8A2C-44F3-BF05-08C30C8B7DF3}.Debug|Any CPU.Build.0 = Debug|Any CPU
		{E990B469-8A2C-44F3-BF05-08C30C8B7DF3}.Release|Any CPU.ActiveCfg = Release|Any CPU
		{E990B469-8A2C-44F3-BF05-08C30C8B7DF3}.Release|Any CPU.Build.0 = Release|Any CPU
		{7FC5D6D9-B981-49C7-A4F1-86C2BE0F0CAE}.Debug|Any CPU.ActiveCfg = Debug|Any CPU
		{7FC5D6D9-B981-49C7-A4F1-86C2BE0F0CAE}.Debug|Any CPU.Build.0 = Debug|Any CPU
		{7FC5D6D9-B981-49C7-A4F1-86C2BE0F0CAE}.Release|Any CPU.ActiveCfg = Debug|Any CPU
		{7FC5D6D9-B981-49C7-A4F1-86C2BE0F0CAE}.Release|Any CPU.Build.0 = Debug|Any CPU
	EndGlobalSection
	GlobalSection(SolutionProperties) = preSolution
		HideSolutionNode = FALSE
	EndGlobalSection
EndGlobal
